PODS:
  - Alamofire (4.7.2)
  - AlamofireImage (3.3.1):
    - Alamofire (~> 4.5)
  - Bolts (1.9.0):
    - Bolts/AppLinks (= 1.9.0)
    - Bolts/Tasks (= 1.9.0)
  - Bolts/AppLinks (1.9.0):
    - Bolts/Tasks
  - Bolts/Tasks (1.9.0)
  - FBSDKCoreKit (4.33.0):
    - Bolts (~> 1.7)
  - FBSDKLoginKit (4.33.0):
    - FBSDKCoreKit
  - Firebase/Auth (5.0.1):
    - Firebase/CoreOnly
    - FirebaseAuth (= 5.0.0)
  - Firebase/Core (5.0.1):
    - Firebase/CoreOnly
    - FirebaseAnalytics (= 5.0.0)
  - Firebase/CoreOnly (5.0.1):
    - FirebaseCore (= 5.0.1)
  - FirebaseAnalytics (5.0.0):
    - FirebaseCore (~> 5.0)
    - FirebaseInstanceID (~> 3.0)
    - "GoogleToolboxForMac/NSData+zlib (~> 2.1)"
    - nanopb (~> 0.3)
  - FirebaseAuth (5.0.0):
    - FirebaseCore (~> 5.0)
    - GTMSessionFetcher/Core (~> 1.1)
  - FirebaseCore (5.0.1):
    - "GoogleToolboxForMac/NSData+zlib (~> 2.1)"
  - FirebaseInstanceID (3.0.0):
    - FirebaseCore (~> 5.0)
  - GoogleToolboxForMac/Defines (2.1.4)
  - "GoogleToolboxForMac/NSData+zlib (2.1.4)":
    - GoogleToolboxForMac/Defines (= 2.1.4)
  - GTMSessionFetcher/Core (1.1.15)
  - nanopb (0.3.8):
    - nanopb/decode (= 0.3.8)
    - nanopb/encode (= 0.3.8)
  - nanopb/decode (0.3.8)
  - nanopb/encode (0.3.8)
  - Nimble (7.1.1)
  - Quick (1.3.0)
  - TwitterCore (3.1.0)
  - TwitterKit (3.3.0):
    - TwitterCore (>= 3.1.0)

DEPENDENCIES:
  - Alamofire (~> 4.7)
  - AlamofireImage (~> 3.3)
  - FBSDKLoginKit
  - Firebase/Auth
  - Firebase/Core
  - Nimble
  - Quick
  - TwitterKit

SPEC REPOS:
  https://github.com/cocoapods/specs.git:
    - Alamofire
    - AlamofireImage
    - Bolts
    - FBSDKCoreKit
    - FBSDKLoginKit
    - Firebase
    - FirebaseAnalytics
    - FirebaseAuth
    - FirebaseCore
    - FirebaseInstanceID
    - GoogleToolboxForMac
    - GTMSessionFetcher
    - nanopb
    - Nimble
    - Quick
    - TwitterCore
    - TwitterKit

SPEC CHECKSUMS:
  Alamofire: e4fa87002c137ba2d8d634d2c51fabcda0d5c223
  AlamofireImage: 3b35b586853abaf94ca1250f4e94cff3c21a4c0d
  Bolts: ac6567323eac61e203f6a9763667d0f711be34c8
  FBSDKCoreKit: 572b047a7e029bc44542bcf8a59414e7ff2b543e
  FBSDKLoginKit: 88cb456349cfb3b554427ce4f8b43729d85dfb40
  Firebase: d6861c2059d8c32d1e6dd8932e22ada346d90a3a
  FirebaseAnalytics: 19812b49fa5f283dd6b23edf8a14b5d477029ab8
  FirebaseAuth: acbeef02fe7c3a26624e309849f3fe30c84115af
  FirebaseCore: cafc814b2d84fc8733f09e653041cc2165332ad7
  FirebaseInstanceID: 83e0040351565df711a5db3d8ebe5ea21aca998a
  GoogleToolboxForMac: 91c824d21e85b31c2aae9bb011c5027c9b4e738f
  GTMSessionFetcher: 5fa5b80fd20e439ef5f545fb2cb3ca6c6714caa2
  nanopb: 5601e6bca2dbf1ed831b519092ec110f66982ca3
  Nimble: 391f07782af4b37914f9bd7b2ffbb952731b8202
  Quick: 03278013f71aa05fe9ecabc94fbcc6835f1ee76f
  TwitterCore: 644d59e75abccb26cf0a9050d2c4dea0e5412241
  TwitterKit: a2e60ddcedbf54091eac6f27685ca7a87681e1d7

PODFILE CHECKSUM: 64492c1ad72124020df193ad5bb693700d8b987e

COCOAPODS: 1.5.2
